lockfileVersion: '9.0'

settings:
  autoInstallPeers: true
  excludeLinksFromLockfile: false

importers:

  .:
    dependencies:
      ramda:
        specifier: ^0.31.3
        version: 0.31.3
    devDependencies:
      '@types/ramda':
        specifier: ^0.30.2
        version: 0.30.2
      type-fest:
        specifier: ^4.41.0
        version: 4.41.0

packages:

  '@types/ramda@0.30.2':
    resolution: {integrity: sha512-PyzHvjCalm2BRYjAU6nIB3TprYwMNOUY/7P/N8bSzp9W/yM2YrtGtAnnVtaCNSeOZ8DzKyFDvaqQs7LnWwwmBA==}

  ramda@0.31.3:
    resolution: {integrity: sha512-xKADKRNnqmDdX59PPKLm3gGmk1ZgNnj3k7DryqWwkamp4TJ6B36DdpyKEQ0EoEYmH2R62bV4Q+S0ym2z8N2f3Q==}

  ts-toolbelt@9.6.0:
    resolution: {integrity: sha512-nsZd8ZeNUzukXPlJmTBwUAuABDe/9qtVDelJeT/qW0ow3ZS3BsQJtNkan1802aM9Uf68/Y8ljw86Hu0h5IUW3w==}

  type-fest@4.41.0:
    resolution: {integrity: sha512-TeTSQ6H5YHvpqVwBRcnLDCBnDOHWYu7IvGbHT6N8AOymcr9PJGjc1GTtiWZTYg0NCgYwvnYWEkVChQAr9bjfwA==}
    engines: {node: '>=16'}

  types-ramda@0.30.1:
    resolution: {integrity: sha512-1HTsf5/QVRmLzcGfldPFvkVsAdi1db1BBKzi7iW3KBUlOICg/nKnFS+jGqDJS3YD8VsWbAh7JiHeBvbsw8RPxA==}

snapshots:

  '@types/ramda@0.30.2':
    dependencies:
      types-ramda: 0.30.1

  ramda@0.31.3: {}

  ts-toolbelt@9.6.0: {}

  type-fest@4.41.0: {}

  types-ramda@0.30.1:
    dependencies:
      ts-toolbelt: 9.6.0
